
Microsoft Visual Studio Solution File, Format Version 11.00
# Visual Studio 2010
Project("{FAE04EC0-301F-11D3-BF4B-00C04F79EFBC}") = "EVE.ISXEVE", "EVE.ISXEVE.csproj", "{A9583204-C40D-4496-BB62-0F9546E5D613}"
EndProject
Project("{FAE04EC0-301F-11D3-BF4B-00C04F79EFBC}") = "ISXEVEWrapperTest", "ISXEVEWrapperTest\ISXEVEWrapperTest.csproj", "{20B062FB-BBE7-416A-BBAE-981E2E42CC6B}"
	ProjectSection(ProjectDependencies) = postProject
		{A9583204-C40D-4496-BB62-0F9546E5D613} = {A9583204-C40D-4496-BB62-0F9546E5D613}
	EndProjectSection
EndProject
Project("{FAE04EC0-301F-11D3-BF4B-00C04F79EFBC}") = "isxProfiler", "ISXEVEProfiler\isxProfiler.csproj", "{6049DB3A-67C5-4EB2-8ABF-463F85ABF294}"
EndProject
Global
	GlobalSection(SolutionConfigurationPlatforms) = preSolution
		Debug|Any CPU = Debug|Any CPU
		Release|Any CPU = Release|Any CPU
	EndGlobalSection
	GlobalSection(ProjectConfigurationPlatforms) = postSolution
		{A9583204-C40D-4496-BB62-0F9546E5D613}.Debug|Any CPU.ActiveCfg = Debug|Any CPU
		{A9583204-C40D-4496-BB62-0F9546E5D613}.Debug|Any CPU.Build.0 = Debug|Any CPU
		{A9583204-C40D-4496-BB62-0F9546E5D613}.Release|Any CPU.ActiveCfg = Release|Any CPU
		{A9583204-C40D-4496-BB62-0F9546E5D613}.Release|Any CPU.Build.0 = Release|Any CPU
		{20B062FB-BBE7-416A-BBAE-981E2E42CC6B}.Debug|Any CPU.ActiveCfg = Debug|Any CPU
		{20B062FB-BBE7-416A-BBAE-981E2E42CC6B}.Release|Any CPU.ActiveCfg = Release|Any CPU
		{6049DB3A-67C5-4EB2-8ABF-463F85ABF294}.Debug|Any CPU.ActiveCfg = Debug|Any CPU
		{6049DB3A-67C5-4EB2-8ABF-463F85ABF294}.Debug|Any CPU.Build.0 = Debug|Any CPU
		{6049DB3A-67C5-4EB2-8ABF-463F85ABF294}.Release|Any CPU.ActiveCfg = Release|Any CPU
	EndGlobalSection
	GlobalSection(SolutionProperties) = preSolution
		HideSolutionNode = FALSE
	EndGlobalSection
	GlobalSection(SubversionScc) = preSolution
		Svn-Managed = True
		Manager = AnkhSVN - Subversion Support for Visual Studio
	EndGlobalSection
EndGlobal
